Microsoft Visual Studio Solution File, Format Version 12.00
# Visual Studio Version 17
VisualStudioVersion = 17.5.2.0
MinimumVisualStudioVersion = 10.0.40219.1
Project("{FAE04EC0-301F-11D3-BF4B-00C04F79EFBC}") = "WebApp_Exercise", "WebApp_Exercise.csproj", "{EF8A7C0A-6F6C-AC9E-3242-E013DCC31140}"
EndProject
Global
	GlobalSection(SolutionConfigurationPlatforms) = preSolution
		Debug|Any CPU = Debug|Any CPU
		Release|Any CPU = Release|Any CPU
	EndGlobalSection
	GlobalSection(ProjectConfigurationPlatforms) = postSolution
		{EF8A7C0A-6F6C-AC9E-3242-E013DCC31140}.Debug|Any CPU.ActiveCfg = Debug|Any CPU
		{EF8A7C0A-6F6C-AC9E-3242-E013DCC31140}.Debug|Any CPU.Build.0 = Debug|Any CPU
		{EF8A7C0A-6F6C-AC9E-3242-E013DCC31140}.Release|Any CPU.ActiveCfg = Release|Any CPU
		{EF8A7C0A-6F6C-AC9E-3242-E013DCC31140}.Release|Any CPU.Build.0 = Release|Any CPU
	EndGlobalSection
	GlobalSection(SolutionProperties) = preSolution
		HideSolutionNode = FALSE
	EndGlobalSection
	GlobalSection(ExtensibilityGlobals) = postSolution
		SolutionGuid = {0FCB4C46-7BFA-4A38-963A-74D4D1D0ED0C}
	EndGlobalSection
EndGlobal
